
Microsoft Visual Studio Solution File, Format Version 12.00
# Visual Studio Version 17
VisualStudioVersion = 17.4.33403.182
MinimumVisualStudioVersion = 10.0.40219.1
Project("{9A19103F-16F7-4668-BE54-9A1E7A4F7556}") = "OpgVariabler", "OpgVariabler\OpgVariabler.csproj", "{D946883E-DC8D-4592-9DF4-C2CD224BDCF0}"
EndProject
Project("{9A19103F-16F7-4668-BE54-9A1E7A4F7556}") = "OpgDato", "OpgDato\OpgDato.csproj", "{60BF0A41-F590-47C0-9233-307A0A71AC4B}"
EndProject
Project("{FAE04EC0-301F-11D3-BF4B-00C04F79EFBC}") = "Calculator", "Calculator\Calculator.csproj", "{5080E763-A4FA-4F2D-A719-B6A9CEA1AC28}"
EndProject
Project("{FAE04EC0-301F-11D3-BF4B-00C04F79EFBC}") = "OpgText", "OpgText\OpgText.csproj", "{60436984-CB31-44C2-B622-43C8C47C9357}"
EndProject
Project("{FAE04EC0-301F-11D3-BF4B-00C04F79EFBC}") = "Consttyper", "Consttyper\Consttyper.csproj", "{F88C7D25-0AF5-407F-BA27-478B1ED539E4}"
EndProject
Project("{FAE04EC0-301F-11D3-BF4B-00C04F79EFBC}") = "Loop", "Loop\Loop.csproj", "{92084FBC-1056-4371-AF4B-9C9F65F7FC9F}"
EndProject
Project("{FAE04EC0-301F-11D3-BF4B-00C04F79EFBC}") = "Methods", "Methods\Methods.csproj", "{05392AB9-0596-4946-9EB5-E2133AADFEEA}"
EndProject
Project("{FAE04EC0-301F-11D3-BF4B-00C04F79EFBC}") = "Exception", "Exception\Exception.csproj", "{76FF60D2-1EEC-4CAD-85A9-F03A4C2621E8}"
EndProject
Global
	GlobalSection(SolutionConfigurationPlatforms) = preSolution
		Debug|Any CPU = Debug|Any CPU
		Release|Any CPU = Release|Any CPU
	EndGlobalSection
	GlobalSection(ProjectConfigurationPlatforms) = postSolution
		{D946883E-DC8D-4592-9DF4-C2CD224BDCF0}.Debug|Any CPU.ActiveCfg = Debug|Any CPU
		{D946883E-DC8D-4592-9DF4-C2CD224BDCF0}.Debug|Any CPU.Build.0 = Debug|Any CPU
		{D946883E-DC8D-4592-9DF4-C2CD224BDCF0}.Release|Any CPU.ActiveCfg = Release|Any CPU
		{D946883E-DC8D-4592-9DF4-C2CD224BDCF0}.Release|Any CPU.Build.0 = Release|Any CPU
		{60BF0A41-F590-47C0-9233-307A0A71AC4B}.Debug|Any CPU.ActiveCfg = Debug|Any CPU
		{60BF0A41-F590-47C0-9233-307A0A71AC4B}.Debug|Any CPU.Build.0 = Debug|Any CPU
		{60BF0A41-F590-47C0-9233-307A0A71AC4B}.Release|Any CPU.ActiveCfg = Release|Any CPU
		{60BF0A41-F590-47C0-9233-307A0A71AC4B}.Release|Any CPU.Build.0 = Release|Any CPU
		{5080E763-A4FA-4F2D-A719-B6A9CEA1AC28}.Debug|Any CPU.ActiveCfg = Debug|Any CPU
		{5080E763-A4FA-4F2D-A719-B6A9CEA1AC28}.Debug|Any CPU.Build.0 = Debug|Any CPU
		{5080E763-A4FA-4F2D-A719-B6A9CEA1AC28}.Release|Any CPU.ActiveCfg = Release|Any CPU
		{5080E763-A4FA-4F2D-A719-B6A9CEA1AC28}.Release|Any CPU.Build.0 = Release|Any CPU
		{60436984-CB31-44C2-B622-43C8C47C9357}.Debug|Any CPU.ActiveCfg = Debug|Any CPU
		{60436984-CB31-44C2-B622-43C8C47C9357}.Debug|Any CPU.Build.0 = Debug|Any CPU
		{60436984-CB31-44C2-B622-43C8C47C9357}.Release|Any CPU.ActiveCfg = Release|Any CPU
		{60436984-CB31-44C2-B622-43C8C47C9357}.Release|Any CPU.Build.0 = Release|Any CPU
		{F88C7D25-0AF5-407F-BA27-478B1ED539E4}.Debug|Any CPU.ActiveCfg = Debug|Any CPU
		{F88C7D25-0AF5-407F-BA27-478B1ED539E4}.Debug|Any CPU.Build.0 = Debug|Any CPU
		{F88C7D25-0AF5-407F-BA27-478B1ED539E4}.Release|Any CPU.ActiveCfg = Release|Any CPU
		{F88C7D25-0AF5-407F-BA27-478B1ED539E4}.Release|Any CPU.Build.0 = Release|Any CPU
		{92084FBC-1056-4371-AF4B-9C9F65F7FC9F}.Debug|Any CPU.ActiveCfg = Debug|Any CPU
		{92084FBC-1056-4371-AF4B-9C9F65F7FC9F}.Debug|Any CPU.Build.0 = Debug|Any CPU
		{92084FBC-1056-4371-AF4B-9C9F65F7FC9F}.Release|Any CPU.ActiveCfg = Release|Any CPU
		{92084FBC-1056-4371-AF4B-9C9F65F7FC9F}.Release|Any CPU.Build.0 = Release|Any CPU
		{05392AB9-0596-4946-9EB5-E2133AADFEEA}.Debug|Any CPU.ActiveCfg = Debug|Any CPU
		{05392AB9-0596-4946-9EB5-E2133AADFEEA}.Debug|Any CPU.Build.0 = Debug|Any CPU
		{05392AB9-0596-4946-9EB5-E2133AADFEEA}.Release|Any CPU.ActiveCfg = Release|Any CPU
		{05392AB9-0596-4946-9EB5-E2133AADFEEA}.Release|Any CPU.Build.0 = Release|Any CPU
		{76FF60D2-1EEC-4CAD-85A9-F03A4C2621E8}.Debug|Any CPU.ActiveCfg = Debug|Any CPU
		{76FF60D2-1EEC-4CAD-85A9-F03A4C2621E8}.Debug|Any CPU.Build.0 = Debug|Any CPU
		{76FF60D2-1EEC-4CAD-85A9-F03A4C2621E8}.Release|Any CPU.ActiveCfg = Release|Any CPU
		{76FF60D2-1EEC-4CAD-85A9-F03A4C2621E8}.Release|Any CPU.Build.0 = Release|Any CPU
	EndGlobalSection
	GlobalSection(SolutionProperties) = preSolution
		HideSolutionNode = FALSE
	EndGlobalSection
	GlobalSection(ExtensibilityGlobals) = postSolution
		SolutionGuid = {127BA6E5-3C73-4ACE-87DF-01C77EC133F6}
	EndGlobalSection
EndGlobal
